
Microsoft Visual Studio Solution File, Format Version 12.00
# Visual Studio Version 16
VisualStudioVersion = 16.0.808.6
MinimumVisualStudioVersion = 10.0.40219.1
Project("{FAE04EC0-301F-11D3-BF4B-00C04F79EFBC}") = "FakeWebGimp", "FakeWebGimp\FakeWebGimp.csproj", "{5C5F9B11-4EE1-439C-B1BF-51BA02C4D31C}"
EndProject
Global
	GlobalSection(SolutionConfigurationPlatforms) = preSolution
		Debug|Any CPU = Debug|Any CPU
		Release|Any CPU = Release|Any CPU
	EndGlobalSection
	GlobalSection(ProjectConfigurationPlatforms) = postSolution
		{5C5F9B11-4EE1-439C-B1BF-51BA02C4D31C}.Debug|Any CPU.ActiveCfg = Debug|Any CPU
		{5C5F9B11-4EE1-439C-B1BF-51BA02C4D31C}.Debug|Any CPU.Build.0 = Debug|Any CPU
		{5C5F9B11-4EE1-439C-B1BF-51BA02C4D31C}.Release|Any CPU.ActiveCfg = Release|Any CPU
		{5C5F9B11-4EE1-439C-B1BF-51BA02C4D31C}.Release|Any CPU.Build.0 = Release|Any CPU
	EndGlobalSection
	GlobalSection(SolutionProperties) = preSolution
		HideSolutionNode = FALSE
	EndGlobalSection
	GlobalSection(ExtensibilityGlobals) = postSolution
		SolutionGuid = {85B822DB-4F38-46A8-874C-83C7A800A702}
	EndGlobalSection
EndGlobal
